
Microsoft Visual Studio Solution File, Format Version 12.00
# Visual Studio Version 17
VisualStudioVersion = 17.13.35931.197
MinimumVisualStudioVersion = 10.0.40219.1
Project("{FAE04EC0-301F-11D3-BF4B-00C04F79EFBC}") = "SemanticAlgebra", "SemanticAlgebra\SemanticAlgebra.csproj", "{FD2CD326-514B-DBDD-AB71-0A1B8E41F585}"
EndProject
Project("{FAE04EC0-301F-11D3-BF4B-00C04F79EFBC}") = "LambdaLang", "Samples\LambdaLang\LambdaLang.csproj", "{6D02709F-57AC-CF90-1B59-14173E486080}"
EndProject
Project("{FAE04EC0-301F-11D3-BF4B-00C04F79EFBC}") = "LambdaLang.Tests", "LambdaLang.Tests\LambdaLang.Tests.csproj", "{AB530EDB-6E05-4C57-8BF3-58621A73D094}"
EndProject
Global
	GlobalSection(SolutionConfigurationPlatforms) = preSolution
		Debug|Any CPU = Debug|Any CPU
		Release|Any CPU = Release|Any CPU
	EndGlobalSection
	GlobalSection(ProjectConfigurationPlatforms) = postSolution
		{FD2CD326-514B-DBDD-AB71-0A1B8E41F585}.Debug|Any CPU.ActiveCfg = Debug|Any CPU
		{FD2CD326-514B-DBDD-AB71-0A1B8E41F585}.Debug|Any CPU.Build.0 = Debug|Any CPU
		{FD2CD326-514B-DBDD-AB71-0A1B8E41F585}.Release|Any CPU.ActiveCfg = Release|Any CPU
		{FD2CD326-514B-DBDD-AB71-0A1B8E41F585}.Release|Any CPU.Build.0 = Release|Any CPU
		{6D02709F-57AC-CF90-1B59-14173E486080}.Debug|Any CPU.ActiveCfg = Debug|Any CPU
		{6D02709F-57AC-CF90-1B59-14173E486080}.Debug|Any CPU.Build.0 = Debug|Any CPU
		{6D02709F-57AC-CF90-1B59-14173E486080}.Release|Any CPU.ActiveCfg = Release|Any CPU
		{6D02709F-57AC-CF90-1B59-14173E486080}.Release|Any CPU.Build.0 = Release|Any CPU
		{AB530EDB-6E05-4C57-8BF3-58621A73D094}.Debug|Any CPU.ActiveCfg = Debug|Any CPU
		{AB530EDB-6E05-4C57-8BF3-58621A73D094}.Debug|Any CPU.Build.0 = Debug|Any CPU
		{AB530EDB-6E05-4C57-8BF3-58621A73D094}.Release|Any CPU.ActiveCfg = Release|Any CPU
		{AB530EDB-6E05-4C57-8BF3-58621A73D094}.Release|Any CPU.Build.0 = Release|Any CPU
	EndGlobalSection
	GlobalSection(SolutionProperties) = preSolution
		HideSolutionNode = FALSE
	EndGlobalSection
	GlobalSection(ExtensibilityGlobals) = postSolution
		SolutionGuid = {8550BEC0-0E06-41C0-9A8F-4462B5FA3F80}
	EndGlobalSection
EndGlobal
